
Microsoft Visual Studio Solution File, Format Version 12.00
# Visual Studio 15
VisualStudioVersion = 15.0.28307.421
MinimumVisualStudioVersion = 10.0.40219.1
Project("{FAE04EC0-301F-11D3-BF4B-00C04F79EFBC}") = "AchaoCalculator", "AchaoCalculator\AchaoCalculator.csproj", "{6047F9B6-A436-4C7E-84A1-D0F67EDC966E}"
EndProject
Project("{FAE04EC0-301F-11D3-BF4B-00C04F79EFBC}") = "UnitTestProject1", "UnitTestProject1\UnitTestProject1.csproj", "{4739DE19-F408-47AF-BE44-BCC37290A746}"
EndProject
Global
	GlobalSection(SolutionConfigurationPlatforms) = preSolution
		Debug|Any CPU = Debug|Any CPU
		Release|Any CPU = Release|Any CPU
	EndGlobalSection
	GlobalSection(ProjectConfigurationPlatforms) = postSolution
		{6047F9B6-A436-4C7E-84A1-D0F67EDC966E}.Debug|Any CPU.ActiveCfg = Debug|Any CPU
		{6047F9B6-A436-4C7E-84A1-D0F67EDC966E}.Debug|Any CPU.Build.0 = Debug|Any CPU
		{6047F9B6-A436-4C7E-84A1-D0F67EDC966E}.Release|Any CPU.ActiveCfg = Release|Any CPU
		{6047F9B6-A436-4C7E-84A1-D0F67EDC966E}.Release|Any CPU.Build.0 = Release|Any CPU
		{4739DE19-F408-47AF-BE44-BCC37290A746}.Debug|Any CPU.ActiveCfg = Debug|Any CPU
		{4739DE19-F408-47AF-BE44-BCC37290A746}.Debug|Any CPU.Build.0 = Debug|Any CPU
		{4739DE19-F408-47AF-BE44-BCC37290A746}.Release|Any CPU.ActiveCfg = Release|Any CPU
		{4739DE19-F408-47AF-BE44-BCC37290A746}.Release|Any CPU.Build.0 = Release|Any CPU
	EndGlobalSection
	GlobalSection(SolutionProperties) = preSolution
		HideSolutionNode = FALSE
	EndGlobalSection
	GlobalSection(ExtensibilityGlobals) = postSolution
		SolutionGuid = {D4C277E4-3869-4CBB-85F6-3FD8BECADBAE}
	EndGlobalSection
	GlobalSection(Performance) = preSolution
		HasPerformanceSessions = true
	EndGlobalSection
EndGlobal
